{
    "_meta": {
        "hash": {
            "sha256": "adeccefca9ed10acd03724c8a732e54c094df77ef7ef877b26919a3e4a2200d6"
        },
        "pipfile-spec": 6,
        "requires": {
            "python_version": "2"
        },
        "sources": [
            {
                "name": "pypi",
                "url": "https://pypi.org/simple",
                "verify_ssl": true
            }
        ]
    },
    "default": {},
    "develop": {}
}
